
Microsoft Visual Studio Solution File, Format Version 12.00
# Visual Studio Version 17
VisualStudioVersion = 17.8.34330.188
MinimumVisualStudioVersion = 10.0.40219.1
Project("{2150E333-8FDC-42A3-9474-1A3956D46DE8}") = "BLL", "BLL", "{FA9C551C-31EA-4658-8A93-A3E64CC1CFC0}"
EndProject
Project("{FAE04EC0-301F-11D3-BF4B-00C04F79EFBC}") = "AvangersDietApp.BLL", "AvangersDietApp.BLL\AvangersDietApp.BLL.csproj", "{C5EB3E1C-509C-4CCC-8C03-84F33302300F}"
EndProject
Project("{2150E333-8FDC-42A3-9474-1A3956D46DE8}") = "DAL", "DAL", "{FD655083-4FB5-4925-9CA3-41C479BF5C5B}"
EndProject
Project("{FAE04EC0-301F-11D3-BF4B-00C04F79EFBC}") = "AvangersDietApp.DAL", "AvangersDietApp.DAL\AvangersDietApp.DAL.csproj", "{8F3864B9-2261-47C7-9471-AC22F4815FEA}"
EndProject
Project("{2150E333-8FDC-42A3-9474-1A3956D46DE8}") = "UI", "UI", "{761952AE-D914-41C9-B1F9-E637123FCE5A}"
EndProject
Project("{FAE04EC0-301F-11D3-BF4B-00C04F79EFBC}") = "AvangersDietApp.UI", "AvangersDietApp.UI\AvangersDietApp.UI.csproj", "{A6C0655D-892C-4AA8-9682-6C806C94F15B}"
EndProject
Global
	GlobalSection(SolutionConfigurationPlatforms) = preSolution
		Debug|Any CPU = Debug|Any CPU
		Release|Any CPU = Release|Any CPU
	EndGlobalSection
	GlobalSection(ProjectConfigurationPlatforms) = postSolution
		{C5EB3E1C-509C-4CCC-8C03-84F33302300F}.Debug|Any CPU.ActiveCfg = Debug|Any CPU
		{C5EB3E1C-509C-4CCC-8C03-84F33302300F}.Debug|Any CPU.Build.0 = Debug|Any CPU
		{C5EB3E1C-509C-4CCC-8C03-84F33302300F}.Release|Any CPU.ActiveCfg = Release|Any CPU
		{C5EB3E1C-509C-4CCC-8C03-84F33302300F}.Release|Any CPU.Build.0 = Release|Any CPU
		{8F3864B9-2261-47C7-9471-AC22F4815FEA}.Debug|Any CPU.ActiveCfg = Debug|Any CPU
		{8F3864B9-2261-47C7-9471-AC22F4815FEA}.Debug|Any CPU.Build.0 = Debug|Any CPU
		{8F3864B9-2261-47C7-9471-AC22F4815FEA}.Release|Any CPU.ActiveCfg = Release|Any CPU
		{8F3864B9-2261-47C7-9471-AC22F4815FEA}.Release|Any CPU.Build.0 = Release|Any CPU
		{A6C0655D-892C-4AA8-9682-6C806C94F15B}.Debug|Any CPU.ActiveCfg = Debug|Any CPU
		{A6C0655D-892C-4AA8-9682-6C806C94F15B}.Debug|Any CPU.Build.0 = Debug|Any CPU
		{A6C0655D-892C-4AA8-9682-6C806C94F15B}.Release|Any CPU.ActiveCfg = Release|Any CPU
		{A6C0655D-892C-4AA8-9682-6C806C94F15B}.Release|Any CPU.Build.0 = Release|Any CPU
	EndGlobalSection
	GlobalSection(SolutionProperties) = preSolution
		HideSolutionNode = FALSE
	EndGlobalSection
	GlobalSection(NestedProjects) = preSolution
		{C5EB3E1C-509C-4CCC-8C03-84F33302300F} = {FA9C551C-31EA-4658-8A93-A3E64CC1CFC0}
		{8F3864B9-2261-47C7-9471-AC22F4815FEA} = {FD655083-4FB5-4925-9CA3-41C479BF5C5B}
		{A6C0655D-892C-4AA8-9682-6C806C94F15B} = {761952AE-D914-41C9-B1F9-E637123FCE5A}
	EndGlobalSection
	GlobalSection(ExtensibilityGlobals) = postSolution
		SolutionGuid = {1237B81F-6038-43C9-AD64-96A54F482B78}
	EndGlobalSection
EndGlobal
